PATH
  remote: .
  specs:
    grpc-reflection (0.1.0)
      google-protobuf (~> 3.0)
      grpc (~> 1.0)

GEM
  remote: https://rubygems.org/
  specs:
    diff-lcs (1.6.2)
    google-protobuf (3.25.8)
    googleapis-common-protos-types (1.18.0)
      google-protobuf (>= 3.18, < 5.a)
    grpc (1.65.2)
      google-protobuf (>= 3.25, < 5.0)
      googleapis-common-protos-types (~> 1.0)
    grpc-tools (1.80.0)
    rake (13.3.1)
    rspec (3.13.2)
      rspec-core (~> 3.13.0)
      rspec-expectations (~> 3.13.0)
      rspec-mocks (~> 3.13.0)
    rspec-core (3.13.6)
      rspec-support (~> 3.13.0)
    rspec-expectations (3.13.5)
      diff-lcs (>= 1.2.0, < 2.0)
      rspec-support (~> 3.13.0)
    rspec-mocks (3.13.8)
      diff-lcs (>= 1.2.0, < 2.0)
      rspec-support (~> 3.13.0)
    rspec-support (3.13.7)

PLATFORMS
  ruby

DEPENDENCIES
  bundler (~> 2.0)
  grpc-reflection!
  grpc-tools (~> 1.0)
  rake (~> 13.0)
  rspec (~> 3.0)

BUNDLED WITH
   2.1.4
